
Microsoft Visual Studio Solution File, Format Version 12.00
# Visual Studio Version 16
VisualStudioVersion = 16.0.30621.155
MinimumVisualStudioVersion = 10.0.40219.1
Project("{FAE04EC0-301F-11D3-BF4B-00C04F79EFBC}") = "AsaderoTacoReal", "AsaderoTacoReal\AsaderoTacoReal.csproj", "{A22B9AFB-31EC-44E4-B498-CCF257F219D0}"
EndProject
Global
	GlobalSection(SolutionConfigurationPlatforms) = preSolution
		Debug|Any CPU = Debug|Any CPU
		Release|Any CPU = Release|Any CPU
	EndGlobalSection
	GlobalSection(ProjectConfigurationPlatforms) = postSolution
		{A22B9AFB-31EC-44E4-B498-CCF257F219D0}.Debug|Any CPU.ActiveCfg = Debug|Any CPU
		{A22B9AFB-31EC-44E4-B498-CCF257F219D0}.Debug|Any CPU.Build.0 = Debug|Any CPU
		{A22B9AFB-31EC-44E4-B498-CCF257F219D0}.Release|Any CPU.ActiveCfg = Release|Any CPU
		{A22B9AFB-31EC-44E4-B498-CCF257F219D0}.Release|Any CPU.Build.0 = Release|Any CPU
	EndGlobalSection
	GlobalSection(SolutionProperties) = preSolution
		HideSolutionNode = FALSE
	EndGlobalSection
	GlobalSection(ExtensibilityGlobals) = postSolution
		SolutionGuid = {6B8E29AC-C6D0-4441-A164-08B0097BBDD4}
	EndGlobalSection
EndGlobal
